{
  "name": "email-worker",
  "version": "1.0.0",
  "lockfileVersion": 3,
  "requires": true,
  "packages": {
    "": {
      "name": "email-worker",
      "version": "1.0.0",
      "license": "ISC",
      "dependencies": {
        "postal-mime": "^3.0.0"
      }
    },
    "node_modules/postal-mime": {
      "version": "3.0.0",
      "resolved": "https://registry.npmjs.org/postal-mime/-/postal-mime-3.0.0.tgz",
      "integrity": "sha512-Z4a9ar2Bv3YpK3IXag+Yda30k7bMZfpRuUGyqtHnZ2pjHG8Bl62EhZIk4n1dzv00gfzP9g+94e9kd8+XmjVWLA==",
      "license": "MIT-0"
    }
  }
}
